
Microsoft Visual Studio Solution File, Format Version 12.00
# Visual Studio Version 17
VisualStudioVersion = 17.5.002.0
MinimumVisualStudioVersion = 10.0.40219.1
Project("{9A19103F-16F7-4668-BE54-9A1E7A4F7556}") = "backend", "backend\backend.csproj", "{30BDCD1E-290B-46D2-9094-2FD9E255473E}"
EndProject
Global
	GlobalSection(SolutionConfigurationPlatforms) = preSolution
		Debug|Any CPU = Debug|Any CPU
		Release|Any CPU = Release|Any CPU
	EndGlobalSection
	GlobalSection(ProjectConfigurationPlatforms) = postSolution
		{30BDCD1E-290B-46D2-9094-2FD9E255473E}.Debug|Any CPU.ActiveCfg = Debug|Any CPU
		{30BDCD1E-290B-46D2-9094-2FD9E255473E}.Debug|Any CPU.Build.0 = Debug|Any CPU
		{30BDCD1E-290B-46D2-9094-2FD9E255473E}.Release|Any CPU.ActiveCfg = Release|Any CPU
		{30BDCD1E-290B-46D2-9094-2FD9E255473E}.Release|Any CPU.Build.0 = Release|Any CPU
	EndGlobalSection
	GlobalSection(SolutionProperties) = preSolution
		HideSolutionNode = FALSE
	EndGlobalSection
	GlobalSection(ExtensibilityGlobals) = postSolution
		SolutionGuid = {2D37AB12-F3BE-4CD4-9BB8-77712ED2CCAD}
	EndGlobalSection
EndGlobal
